
Microsoft Visual Studio Solution File, Format Version 12.00
# Visual Studio Version 17
VisualStudioVersion = 17.11.35312.102
MinimumVisualStudioVersion = 10.0.40219.1
Project("{9A19103F-16F7-4668-BE54-9A1E7A4F7556}") = "PrimeFactors", "PrimeFactors\PrimeFactors.csproj", "{5447D5C3-F2B2-42FE-906C-94262D070184}"
EndProject
Project("{FAE04EC0-301F-11D3-BF4B-00C04F79EFBC}") = "PrimeFactors.Test", "PrimeFactors.Test\PrimeFactors.Test.csproj", "{CC66B980-AC86-4323-973D-A7B61D0419D9}"
EndProject
Global
	GlobalSection(SolutionConfigurationPlatforms) = preSolution
		Debug|Any CPU = Debug|Any CPU
		Release|Any CPU = Release|Any CPU
	EndGlobalSection
	GlobalSection(ProjectConfigurationPlatforms) = postSolution
		{5447D5C3-F2B2-42FE-906C-94262D070184}.Debug|Any CPU.ActiveCfg = Debug|Any CPU
		{5447D5C3-F2B2-42FE-906C-94262D070184}.Debug|Any CPU.Build.0 = Debug|Any CPU
		{5447D5C3-F2B2-42FE-906C-94262D070184}.Release|Any CPU.ActiveCfg = Release|Any CPU
		{5447D5C3-F2B2-42FE-906C-94262D070184}.Release|Any CPU.Build.0 = Release|Any CPU
		{CC66B980-AC86-4323-973D-A7B61D0419D9}.Debug|Any CPU.ActiveCfg = Debug|Any CPU
		{CC66B980-AC86-4323-973D-A7B61D0419D9}.Debug|Any CPU.Build.0 = Debug|Any CPU
		{CC66B980-AC86-4323-973D-A7B61D0419D9}.Release|Any CPU.ActiveCfg = Release|Any CPU
		{CC66B980-AC86-4323-973D-A7B61D0419D9}.Release|Any CPU.Build.0 = Release|Any CPU
	EndGlobalSection
	GlobalSection(SolutionProperties) = preSolution
		HideSolutionNode = FALSE
	EndGlobalSection
	GlobalSection(ExtensibilityGlobals) = postSolution
		SolutionGuid = {7CA980A4-45FA-4F51-9844-2C72DA65194A}
	EndGlobalSection
EndGlobal
